
Microsoft Visual Studio Solution File, Format Version 12.00
Project("{FAE04EC0-301F-11D3-BF4B-00C04F79EFBC}") = "Domain", "Domain\Domain.csproj", "{AAC31889-886C-4E05-8328-6426AF690231}"
EndProject
Project("{FAE04EC0-301F-11D3-BF4B-00C04F79EFBC}") = "Tests", "Tests\Tests.csproj", "{F3FA2EAE-0C49-43FD-B976-F23BCBAED8A7}"
EndProject
Global
	GlobalSection(SolutionConfigurationPlatforms) = preSolution
		Debug|Any CPU = Debug|Any CPU
		Release|Any CPU = Release|Any CPU
	EndGlobalSection
	GlobalSection(ProjectConfigurationPlatforms) = postSolution
		{AAC31889-886C-4E05-8328-6426AF690231}.Debug|Any CPU.ActiveCfg = Debug|Any CPU
		{AAC31889-886C-4E05-8328-6426AF690231}.Debug|Any CPU.Build.0 = Debug|Any CPU
		{AAC31889-886C-4E05-8328-6426AF690231}.Release|Any CPU.ActiveCfg = Release|Any CPU
		{AAC31889-886C-4E05-8328-6426AF690231}.Release|Any CPU.Build.0 = Release|Any CPU
		{F3FA2EAE-0C49-43FD-B976-F23BCBAED8A7}.Debug|Any CPU.ActiveCfg = Debug|Any CPU
		{F3FA2EAE-0C49-43FD-B976-F23BCBAED8A7}.Debug|Any CPU.Build.0 = Debug|Any CPU
		{F3FA2EAE-0C49-43FD-B976-F23BCBAED8A7}.Release|Any CPU.ActiveCfg = Release|Any CPU
		{F3FA2EAE-0C49-43FD-B976-F23BCBAED8A7}.Release|Any CPU.Build.0 = Release|Any CPU
	EndGlobalSection
EndGlobal
